<?xml version="1.0" encoding="utf-8"?>
<Project ToolsVersion="4.0" xmlns="http://schemas.microsoft.com/developer/msbuild/2003">
  <ItemGroup>
    <Filter Include="소스 파일">
      <UniqueIdentifier>{4FC737F1-C7A5-4376-A066-2A32D752A2FF}</UniqueIdentifier>
      <Extensions>cpp;c;cc;cxx;def;odl;idl;hpj;bat;asm;asmx</Extensions>
    </Filter>
    <Filter Include="헤더 파일">
      <UniqueIdentifier>{93995380-89BD-4b04-88EB-625FBE52EBFB}</UniqueIdentifier>
      <Extensions>h;hh;hpp;hxx;hm;inl;inc;xsd</Extensions>
    </Filter>
    <Filter Include="리소스 파일">
      <UniqueIdentifier>{67DA6AB6-F800-4c08-8B7A-83BB121AAD01}</UniqueIdentifier>
      <Extensions>rc;ico;cur;bmp;dlg;rc2;rct;bin;rgs;gif;jpg;jpeg;jpe;resx;tiff;tif;png;wav;mfcribbon-ms</Extensions>
    </Filter>
    <Filter Include="소스 파일\Main">
      <UniqueIdentifier>{b004424e-36d8-4c54-9078-0c9428326a15}</UniqueIdentifier>
    </Filter>
    <Filter Include="소스 파일\WinDevice">
      <UniqueIdentifier>{ef288f0d-2d66-41d4-95bc-c418df97421c}</UniqueIdentifier>
    </Filter>
    <Filter Include="소스 파일\Manager">
      <UniqueIdentifier>{a2036f8b-89cd-4329-9043-0f3379d5233c}</UniqueIdentifier>
    </Filter>
    <Filter Include="소스 파일\Action">
      <UniqueIdentifier>{3a5ccf86-3856-4bb5-9c8d-9d9f862e3041}</UniqueIdentifier>
    </Filter>
    <Filter Include="소스 파일\Structure">
      <UniqueIdentifier>{b9e882ef-ba32-4dda-a9f2-95cba2fbc7e0}</UniqueIdentifier>
    </Filter>
    <Filter Include="소스 파일\UI">
      <UniqueIdentifier>{3fbfcfff-a8eb-4099-ae2b-37c90f01c850}</UniqueIdentifier>
    </Filter>
    <Filter Include="소스 파일\Camera">
      <UniqueIdentifier>{c27ce2ce-b05c-482f-8b79-83149d541a80}</UniqueIdentifier>
    </Filter>
    <Filter Include="소스 파일\Grid">
      <UniqueIdentifier>{121074d4-96ff-4522-bd07-54ee576d9fdf}</UniqueIdentifier>
    </Filter>
    <Filter Include="소스 파일\Object">
      <UniqueIdentifier>{a4b2f210-aa17-4d83-933f-bdc0cecf7cd9}</UniqueIdentifier>
    </Filter>
    <Filter Include="소스 파일\ASE">
      <UniqueIdentifier>{d0124535-3783-4f61-8d7d-e9b3a203bbe4}</UniqueIdentifier>
    </Filter>
    <Filter Include="소스 파일\Ctrl">
      <UniqueIdentifier>{d9f21aba-4522-4dde-bad1-8ab8408a60b2}</UniqueIdentifier>
    </Filter>
    <Filter Include="소스 파일\SkinnedMesh">
      <UniqueIdentifier>{bc37a62f-3ee6-475f-960f-e5ed69a0b6ad}</UniqueIdentifier>
    </Filter>
  </ItemGroup>
  <ItemGroup>
    <Text Include="ReadMe.txt" />
  </ItemGroup>
  <ItemGroup>
    <ClInclude Include="targetver.h">
      <Filter>헤더 파일</Filter>
    </ClInclude>
    <ClInclude Include="Resource.h">
      <Filter>헤더 파일</Filter>
    </ClInclude>
    <ClInclude Include="MainGameManager.h">
      <Filter>소스 파일\Main</Filter>
    </ClInclude>
    <ClInclude Include="DirectX3D.h">
      <Filter>소스 파일\WinDevice</Filter>
    </ClInclude>
    <ClInclude Include="VideoDevice.h">
      <Filter>소스 파일\WinDevice</Filter>
    </ClInclude>
    <ClInclude Include="stdafx.h">
      <Filter>소스 파일\WinDevice</Filter>
    </ClInclude>
    <ClInclude Include="FontManager.h">
      <Filter>소스 파일\Manager</Filter>
    </ClInclude>
    <ClInclude Include="ObjectManager.h">
      <Filter>소스 파일\Manager</Filter>
    </ClInclude>
    <ClInclude Include="TextureManager.h">
      <Filter>소스 파일\Manager</Filter>
    </ClInclude>
    <ClInclude Include="TimeManager.h">
      <Filter>소스 파일\Manager</Filter>
    </ClInclude>
    <ClInclude Include="UIManager.h">
      <Filter>소스 파일\Manager</Filter>
    </ClInclude>
    <ClInclude Include="Action.h">
      <Filter>소스 파일\Action</Filter>
    </ClInclude>
    <ClInclude Include="ActionMove.h">
      <Filter>소스 파일\Action</Filter>
    </ClInclude>
    <ClInclude Include="ActionRepeat.h">
      <Filter>소스 파일\Action</Filter>
    </ClInclude>
    <ClInclude Include="ActionSequence.h">
      <Filter>소스 파일\Action</Filter>
    </ClInclude>
    <ClInclude Include="CubeCtrl.h">
      <Filter>소스 파일\Structure</Filter>
    </ClInclude>
    <ClInclude Include="UIButton.h">
      <Filter>소스 파일\UI</Filter>
    </ClInclude>
    <ClInclude Include="UIImageView.h">
      <Filter>소스 파일\UI</Filter>
    </ClInclude>
    <ClInclude Include="UIObject.h">
      <Filter>소스 파일\UI</Filter>
    </ClInclude>
    <ClInclude Include="UITextView.h">
      <Filter>소스 파일\UI</Filter>
    </ClInclude>
    <ClInclude Include="CameraCtrl.h">
      <Filter>소스 파일\Camera</Filter>
    </ClInclude>
    <ClInclude Include="Utility.h">
      <Filter>소스 파일\WinDevice</Filter>
    </ClInclude>
    <ClInclude Include="GridCtrl.h">
      <Filter>소스 파일\Grid</Filter>
    </ClInclude>
    <ClInclude Include="Pyramid.h">
      <Filter>소스 파일\Grid</Filter>
    </ClInclude>
    <ClInclude Include="Object.h">
      <Filter>소스 파일\Object</Filter>
    </ClInclude>
    <ClInclude Include="OBJLoader.h">
      <Filter>소스 파일\Object</Filter>
    </ClInclude>
    <ClInclude Include="OBJMap.h">
      <Filter>소스 파일\Object</Filter>
    </ClInclude>
    <ClInclude Include="AutoReleasePool.h">
      <Filter>소스 파일\Object</Filter>
    </ClInclude>
    <ClInclude Include="GameObject.h">
      <Filter>소스 파일\Object</Filter>
    </ClInclude>
    <ClInclude Include="iMap.h">
      <Filter>소스 파일\Object</Filter>
    </ClInclude>
    <ClInclude Include="MatrialTexture.h">
      <Filter>소스 파일\Object</Filter>
    </ClInclude>
    <ClInclude Include="Group.h">
      <Filter>소스 파일\Object</Filter>
    </ClInclude>
    <ClInclude Include="Asciitok.h">
      <Filter>소스 파일\ASE</Filter>
    </ClInclude>
    <ClInclude Include="ASECharacter.h">
      <Filter>소스 파일\ASE</Filter>
    </ClInclude>
    <ClInclude Include="ASEFrame.h">
      <Filter>소스 파일\ASE</Filter>
    </ClInclude>
    <ClInclude Include="ASELoader.h">
      <Filter>소스 파일\ASE</Filter>
    </ClInclude>
    <ClInclude Include="HeightMap.h">
      <Filter>소스 파일\Object</Filter>
    </ClInclude>
    <ClInclude Include="CharacterCtrl.h">
      <Filter>소스 파일\Ctrl</Filter>
    </ClInclude>
    <ClInclude Include="RayCtrl.h">
      <Filter>소스 파일\Ctrl</Filter>
    </ClInclude>
    <ClInclude Include="AllocateHierarchy.h">
      <Filter>소스 파일\SkinnedMesh</Filter>
    </ClInclude>
    <ClInclude Include="SkinnedMesh.h">
      <Filter>소스 파일\SkinnedMesh</Filter>
    </ClInclude>
    <ClInclude Include="LinearInterpolation.h">
      <Filter>소스 파일\Structure</Filter>
    </ClInclude>
    <ClInclude Include="SkinnedMeshManager.h">
      <Filter>소스 파일\Manager</Filter>
    </ClInclude>
    <ClInclude Include="FrustumCulling.h">
      <Filter>소스 파일</Filter>
    </ClInclude>
    <ClInclude Include="SkyBox.h">
      <Filter>소스 파일\Structure</Filter>
    </ClInclude>
  </ItemGroup>
  <ItemGroup>
    <ClCompile Include="MainGameManager.cpp">
      <Filter>소스 파일\Main</Filter>
    </ClCompile>
    <ClCompile Include="DirectX3D.cpp">
      <Filter>소스 파일\WinDevice</Filter>
    </ClCompile>
    <ClCompile Include="VideoDevice.cpp">
      <Filter>소스 파일\WinDevice</Filter>
    </ClCompile>
    <ClCompile Include="stdafx.cpp">
      <Filter>소스 파일\WinDevice</Filter>
    </ClCompile>
    <ClCompile Include="FontManager.cpp">
      <Filter>소스 파일\Manager</Filter>
    </ClCompile>
    <ClCompile Include="ObjectManager.cpp">
      <Filter>소스 파일\Manager</Filter>
    </ClCompile>
    <ClCompile Include="TextureManager.cpp">
      <Filter>소스 파일\Manager</Filter>
    </ClCompile>
    <ClCompile Include="TimeManager.cpp">
      <Filter>소스 파일\Manager</Filter>
    </ClCompile>
    <ClCompile Include="UIManager.cpp">
      <Filter>소스 파일\Manager</Filter>
    </ClCompile>
    <ClCompile Include="Action.cpp">
      <Filter>소스 파일\Action</Filter>
    </ClCompile>
    <ClCompile Include="ActionMove.cpp">
      <Filter>소스 파일\Action</Filter>
    </ClCompile>
    <ClCompile Include="ActionRepeat.cpp">
      <Filter>소스 파일\Action</Filter>
    </ClCompile>
    <ClCompile Include="ActionSequence.cpp">
      <Filter>소스 파일\Action</Filter>
    </ClCompile>
    <ClCompile Include="CubeCtrl.cpp">
      <Filter>소스 파일\Structure</Filter>
    </ClCompile>
    <ClCompile Include="UIButton.cpp">
      <Filter>소스 파일\UI</Filter>
    </ClCompile>
    <ClCompile Include="UIImageView.cpp">
      <Filter>소스 파일\UI</Filter>
    </ClCompile>
    <ClCompile Include="UIObject.cpp">
      <Filter>소스 파일\UI</Filter>
    </ClCompile>
    <ClCompile Include="UITextView.cpp">
      <Filter>소스 파일\UI</Filter>
    </ClCompile>
    <ClCompile Include="CameraCtrl.cpp">
      <Filter>소스 파일\Camera</Filter>
    </ClCompile>
    <ClCompile Include="Utility.cpp">
      <Filter>소스 파일\WinDevice</Filter>
    </ClCompile>
    <ClCompile Include="GridCtrl.cpp">
      <Filter>소스 파일\Grid</Filter>
    </ClCompile>
    <ClCompile Include="Pyramid.cpp">
      <Filter>소스 파일\Grid</Filter>
    </ClCompile>
    <ClCompile Include="Object.cpp">
      <Filter>소스 파일\Object</Filter>
    </ClCompile>
    <ClCompile Include="OBJLoader.cpp">
      <Filter>소스 파일\Object</Filter>
    </ClCompile>
    <ClCompile Include="OBJMap.cpp">
      <Filter>소스 파일\Object</Filter>
    </ClCompile>
    <ClCompile Include="AutoReleasePool.cpp">
      <Filter>소스 파일\Object</Filter>
    </ClCompile>
    <ClCompile Include="GameObject.cpp">
      <Filter>소스 파일\Object</Filter>
    </ClCompile>
    <ClCompile Include="iMap.cpp">
      <Filter>소스 파일\Object</Filter>
    </ClCompile>
    <ClCompile Include="Group.cpp">
      <Filter>소스 파일\Object</Filter>
    </ClCompile>
    <ClCompile Include="MatrialTexture.cpp">
      <Filter>소스 파일\Object</Filter>
    </ClCompile>
    <ClCompile Include="ASELoader.cpp">
      <Filter>소스 파일\ASE</Filter>
    </ClCompile>
    <ClCompile Include="ASECharacter.cpp">
      <Filter>소스 파일\ASE</Filter>
    </ClCompile>
    <ClCompile Include="ASEFrame.cpp">
      <Filter>소스 파일\ASE</Filter>
    </ClCompile>
    <ClCompile Include="HeightMap.cpp">
      <Filter>소스 파일\Object</Filter>
    </ClCompile>
    <ClCompile Include="CharacterCtrl.cpp">
      <Filter>소스 파일\Ctrl</Filter>
    </ClCompile>
    <ClCompile Include="RayCtrl.cpp">
      <Filter>소스 파일\Ctrl</Filter>
    </ClCompile>
    <ClCompile Include="AllocateHierarchy.cpp">
      <Filter>소스 파일\SkinnedMesh</Filter>
    </ClCompile>
    <ClCompile Include="SkinnedMesh.cpp">
      <Filter>소스 파일\SkinnedMesh</Filter>
    </ClCompile>
    <ClCompile Include="LinearInterpolation.cpp">
      <Filter>소스 파일\Structure</Filter>
    </ClCompile>
    <ClCompile Include="SkinnedMeshManager.cpp">
      <Filter>소스 파일\Manager</Filter>
    </ClCompile>
    <ClCompile Include="FrustumCulling.cpp">
      <Filter>소스 파일</Filter>
    </ClCompile>
    <ClCompile Include="SkyBox.cpp">
      <Filter>소스 파일\Structure</Filter>
    </ClCompile>
  </ItemGroup>
  <ItemGroup>
    <ResourceCompile Include="DirectX3D.rc">
      <Filter>리소스 파일</Filter>
    </ResourceCompile>
  </ItemGroup>
  <ItemGroup>
    <Image Include="small.ico">
      <Filter>리소스 파일</Filter>
    </Image>
    <Image Include="DirectX3D.ico">
      <Filter>리소스 파일</Filter>
    </Image>
  </ItemGroup>
</Project>