<?xml version="1.0" encoding="utf-8"?>
<Project ToolsVersion="4.0" xmlns="http://schemas.microsoft.com/developer/msbuild/2003">
  <ItemGroup>
    <Filter Include="소스 파일">
      <UniqueIdentifier>{4FC737F1-C7A5-4376-A066-2A32D752A2FF}</UniqueIdentifier>
      <Extensions>cpp;c;cc;cxx;def;odl;idl;hpj;bat;asm;asmx</Extensions>
    </Filter>
    <Filter Include="헤더 파일">
      <UniqueIdentifier>{93995380-89BD-4b04-88EB-625FBE52EBFB}</UniqueIdentifier>
      <Extensions>h;hh;hpp;hxx;hm;inl;inc;xsd</Extensions>
    </Filter>
    <Filter Include="리소스 파일">
      <UniqueIdentifier>{67DA6AB6-F800-4c08-8B7A-83BB121AAD01}</UniqueIdentifier>
      <Extensions>rc;ico;cur;bmp;dlg;rc2;rct;bin;rgs;gif;jpg;jpeg;jpe;resx;tiff;tif;png;wav;mfcribbon-ms</Extensions>
    </Filter>
    <Filter Include="00_D3DXFramework">
      <UniqueIdentifier>{0d199236-1b96-4bb0-bb5b-42142a32eb09}</UniqueIdentifier>
    </Filter>
    <Filter Include="01_MainGame">
      <UniqueIdentifier>{06393c40-1f6c-4ea1-8212-8b784db8297b}</UniqueIdentifier>
    </Filter>
    <Filter Include="00_D3DXFramework\00_UTILITY">
      <UniqueIdentifier>{97d94de3-c83a-49d6-9f17-683400e0d2c4}</UniqueIdentifier>
    </Filter>
    <Filter Include="00_D3DXFramework\01_MANAGER">
      <UniqueIdentifier>{d69069fd-d3e1-4d23-a90d-b9f72b409b11}</UniqueIdentifier>
    </Filter>
    <Filter Include="00_D3DXFramework\02_TIMER">
      <UniqueIdentifier>{2a606e97-c60f-4a33-9ffb-f611277082f7}</UniqueIdentifier>
    </Filter>
    <Filter Include="00_D3DXFramework\03_D3DXDEVICE">
      <UniqueIdentifier>{5d4bce7e-b565-4f4b-8065-047d0998f6c6}</UniqueIdentifier>
    </Filter>
    <Filter Include="00_D3DXFramework\04_FrustumCulling">
      <UniqueIdentifier>{3d540d26-4bab-42d7-a835-8f846fe2e7dc}</UniqueIdentifier>
    </Filter>
    <Filter Include="00_D3DXFramework\05_RayCtrl">
      <UniqueIdentifier>{4de3be73-bdf6-4d57-85fb-fbbf42b03813}</UniqueIdentifier>
    </Filter>
    <Filter Include="00_D3DXFramework\06_MaterialTexture">
      <UniqueIdentifier>{61415191-61bb-4872-8f69-869e4f81abd2}</UniqueIdentifier>
    </Filter>
    <Filter Include="00_D3DXFramework\07_Object">
      <UniqueIdentifier>{57de0ff9-3f8f-4955-bc49-fc920326bb0e}</UniqueIdentifier>
    </Filter>
    <Filter Include="00_D3DXFramework\08_AutoReleasePool">
      <UniqueIdentifier>{298d2995-35bc-4927-afe0-7aa560d6e5b4}</UniqueIdentifier>
    </Filter>
    <Filter Include="00_D3DXFramework\09_UIObject">
      <UniqueIdentifier>{a6cd58c1-b5fa-4bf2-82f7-1463c4221abd}</UniqueIdentifier>
    </Filter>
    <Filter Include="00_D3DXFramework\10_Loading">
      <UniqueIdentifier>{b69fb496-c8a6-4097-9dbc-41ba8a686e31}</UniqueIdentifier>
    </Filter>
    <Filter Include="00_D3DXFramework\11_ProgressBar">
      <UniqueIdentifier>{44174952-4cea-4ae9-9eed-a9f9f6d47b67}</UniqueIdentifier>
    </Filter>
    <Filter Include="00_D3DXFramework\09_UIObject\00_Base">
      <UniqueIdentifier>{8076a1b1-6c27-4f45-b3c9-b4b1f503dc27}</UniqueIdentifier>
    </Filter>
    <Filter Include="00_D3DXFramework\09_UIObject\01_UIImageView">
      <UniqueIdentifier>{16f7438b-e3af-43b6-aa1f-b6560040af9c}</UniqueIdentifier>
    </Filter>
    <Filter Include="00_D3DXFramework\09_UIObject\02_UIButton">
      <UniqueIdentifier>{042f2c51-5266-41e1-a9ff-3461422d30d8}</UniqueIdentifier>
    </Filter>
    <Filter Include="00_D3DXFramework\09_UIObject\03_UITextView">
      <UniqueIdentifier>{e504b44e-596a-400a-8aa1-84f93d935a98}</UniqueIdentifier>
    </Filter>
    <Filter Include="00_D3DXFramework\12_OBJLoader">
      <UniqueIdentifier>{30249120-67b3-44bd-99ef-54200765cb45}</UniqueIdentifier>
    </Filter>
    <Filter Include="00_D3DXFramework\13_XFileLoader">
      <UniqueIdentifier>{90a6db1a-73c0-455a-976f-e4d6258dc0ed}</UniqueIdentifier>
    </Filter>
    <Filter Include="01_MainGame\01_IntroScene">
      <UniqueIdentifier>{f68c4846-4c01-4792-8714-1be2c397db5d}</UniqueIdentifier>
    </Filter>
    <Filter Include="01_MainGame\02_InGameScene">
      <UniqueIdentifier>{11a5aad6-a56c-4372-b994-6121d6e8ac49}</UniqueIdentifier>
    </Filter>
    <Filter Include="01_MainGame\03_GameOverScene">
      <UniqueIdentifier>{dd67510d-7845-49fc-af7c-22ecbffe985c}</UniqueIdentifier>
    </Filter>
    <Filter Include="01_MainGame\04_testScene">
      <UniqueIdentifier>{12673ce3-91cb-4548-a6e4-d9c41f159ed7}</UniqueIdentifier>
    </Filter>
  </ItemGroup>
  <ItemGroup>
    <ClInclude Include="stdafx.h">
      <Filter>헤더 파일</Filter>
    </ClInclude>
    <ClInclude Include="targetver.h">
      <Filter>헤더 파일</Filter>
    </ClInclude>
    <ClInclude Include="resource.h">
      <Filter>헤더 파일</Filter>
    </ClInclude>
    <ClInclude Include="commonMacroFunction.h">
      <Filter>00_D3DXFramework\00_UTILITY</Filter>
    </ClInclude>
    <ClInclude Include="singletonBase.h">
      <Filter>00_D3DXFramework\00_UTILITY</Filter>
    </ClInclude>
    <ClInclude Include="gameNode.h">
      <Filter>00_D3DXFramework</Filter>
    </ClInclude>
    <ClInclude Include="D3DXFrame.h">
      <Filter>소스 파일</Filter>
    </ClInclude>
    <ClInclude Include="randomFunction.h">
      <Filter>00_D3DXFramework\00_UTILITY</Filter>
    </ClInclude>
    <ClInclude Include="timer.h">
      <Filter>00_D3DXFramework\02_TIMER</Filter>
    </ClInclude>
    <ClInclude Include="MainGameManager.h">
      <Filter>01_MainGame</Filter>
    </ClInclude>
    <ClInclude Include="timeManager.h">
      <Filter>00_D3DXFramework\01_MANAGER</Filter>
    </ClInclude>
    <ClInclude Include="keyManager.h">
      <Filter>00_D3DXFramework\01_MANAGER</Filter>
    </ClInclude>
    <ClInclude Include="sceneManager.h">
      <Filter>00_D3DXFramework\01_MANAGER</Filter>
    </ClInclude>
    <ClInclude Include="VideoDevice.h">
      <Filter>00_D3DXFramework\03_D3DXDEVICE</Filter>
    </ClInclude>
    <ClInclude Include="deviceManager.h">
      <Filter>00_D3DXFramework\01_MANAGER</Filter>
    </ClInclude>
    <ClInclude Include="textureManager.h">
      <Filter>00_D3DXFramework\01_MANAGER</Filter>
    </ClInclude>
    <ClInclude Include="fontManager.h">
      <Filter>00_D3DXFramework\01_MANAGER</Filter>
    </ClInclude>
    <ClInclude Include="cameraCtrl.h">
      <Filter>00_D3DXFramework\01_MANAGER</Filter>
    </ClInclude>
    <ClInclude Include="FrustumCulling.h">
      <Filter>00_D3DXFramework\04_FrustumCulling</Filter>
    </ClInclude>
    <ClInclude Include="RayCtrl.h">
      <Filter>00_D3DXFramework\05_RayCtrl</Filter>
    </ClInclude>
    <ClInclude Include="MaterialTexture.h">
      <Filter>00_D3DXFramework\06_MaterialTexture</Filter>
    </ClInclude>
    <ClInclude Include="Object.h">
      <Filter>00_D3DXFramework\07_Object</Filter>
    </ClInclude>
    <ClInclude Include="ObjectManager.h">
      <Filter>00_D3DXFramework\01_MANAGER</Filter>
    </ClInclude>
    <ClInclude Include="AutoReleasePool.h">
      <Filter>00_D3DXFramework\08_AutoReleasePool</Filter>
    </ClInclude>
    <ClInclude Include="UIObject.h">
      <Filter>00_D3DXFramework\09_UIObject\00_Base</Filter>
    </ClInclude>
    <ClInclude Include="Group.h">
      <Filter>00_D3DXFramework\12_OBJLoader</Filter>
    </ClInclude>
    <ClInclude Include="OBJLoader.h">
      <Filter>00_D3DXFramework\12_OBJLoader</Filter>
    </ClInclude>
    <ClInclude Include="OBJLoaderManager.h">
      <Filter>00_D3DXFramework\01_MANAGER</Filter>
    </ClInclude>
    <ClInclude Include="AllocateHierarchy.h">
      <Filter>00_D3DXFramework\13_XFileLoader</Filter>
    </ClInclude>
    <ClInclude Include="SkinnedMesh.h">
      <Filter>00_D3DXFramework\13_XFileLoader</Filter>
    </ClInclude>
    <ClInclude Include="SkinnedMeshManager.h">
      <Filter>00_D3DXFramework\01_MANAGER</Filter>
    </ClInclude>
    <ClInclude Include="testScene.h">
      <Filter>01_MainGame\04_testScene</Filter>
    </ClInclude>
    <ClInclude Include="UIButton.h">
      <Filter>00_D3DXFramework\09_UIObject\02_UIButton</Filter>
    </ClInclude>
    <ClInclude Include="UIImageView.h">
      <Filter>00_D3DXFramework\09_UIObject\01_UIImageView</Filter>
    </ClInclude>
    <ClInclude Include="characterCtrl.h">
      <Filter>소스 파일</Filter>
    </ClInclude>
    <ClInclude Include="UITextView.h">
      <Filter>00_D3DXFramework\09_UIObject\03_UITextView</Filter>
    </ClInclude>
    <ClInclude Include="skyBox.h">
      <Filter>소스 파일</Filter>
    </ClInclude>
    <ClInclude Include="gridCtrl.h">
      <Filter>00_D3DXFramework\01_MANAGER</Filter>
    </ClInclude>
  </ItemGroup>
  <ItemGroup>
    <ClCompile Include="stdafx.cpp">
      <Filter>헤더 파일</Filter>
    </ClCompile>
    <ClCompile Include="gameNode.cpp">
      <Filter>00_D3DXFramework</Filter>
    </ClCompile>
    <ClCompile Include="D3DXFrame.cpp">
      <Filter>소스 파일</Filter>
    </ClCompile>
    <ClCompile Include="timer.cpp">
      <Filter>00_D3DXFramework\02_TIMER</Filter>
    </ClCompile>
    <ClCompile Include="MainGameManager.cpp">
      <Filter>01_MainGame</Filter>
    </ClCompile>
    <ClCompile Include="timeManager.cpp">
      <Filter>00_D3DXFramework\01_MANAGER</Filter>
    </ClCompile>
    <ClCompile Include="keyManager.cpp">
      <Filter>00_D3DXFramework\01_MANAGER</Filter>
    </ClCompile>
    <ClCompile Include="sceneManager.cpp">
      <Filter>00_D3DXFramework\01_MANAGER</Filter>
    </ClCompile>
    <ClCompile Include="VideoDevice.cpp">
      <Filter>00_D3DXFramework\03_D3DXDEVICE</Filter>
    </ClCompile>
    <ClCompile Include="deviceManager.cpp">
      <Filter>00_D3DXFramework\01_MANAGER</Filter>
    </ClCompile>
    <ClCompile Include="textureManager.cpp">
      <Filter>00_D3DXFramework\01_MANAGER</Filter>
    </ClCompile>
    <ClCompile Include="fontManager.cpp">
      <Filter>00_D3DXFramework\01_MANAGER</Filter>
    </ClCompile>
    <ClCompile Include="cameraCtrl.cpp">
      <Filter>00_D3DXFramework\01_MANAGER</Filter>
    </ClCompile>
    <ClCompile Include="FrustumCulling.cpp">
      <Filter>00_D3DXFramework\04_FrustumCulling</Filter>
    </ClCompile>
    <ClCompile Include="RayCtrl.cpp">
      <Filter>00_D3DXFramework\05_RayCtrl</Filter>
    </ClCompile>
    <ClCompile Include="MaterialTexture.cpp">
      <Filter>00_D3DXFramework\06_MaterialTexture</Filter>
    </ClCompile>
    <ClCompile Include="Object.cpp">
      <Filter>00_D3DXFramework\07_Object</Filter>
    </ClCompile>
    <ClCompile Include="ObjectManager.cpp">
      <Filter>00_D3DXFramework\01_MANAGER</Filter>
    </ClCompile>
    <ClCompile Include="AutoReleasePool.cpp">
      <Filter>00_D3DXFramework\08_AutoReleasePool</Filter>
    </ClCompile>
    <ClCompile Include="UIObject.cpp">
      <Filter>00_D3DXFramework\09_UIObject\00_Base</Filter>
    </ClCompile>
    <ClCompile Include="Group.cpp">
      <Filter>00_D3DXFramework\12_OBJLoader</Filter>
    </ClCompile>
    <ClCompile Include="OBJLoader.cpp">
      <Filter>00_D3DXFramework\12_OBJLoader</Filter>
    </ClCompile>
    <ClCompile Include="OBJLoaderManager.cpp">
      <Filter>00_D3DXFramework\01_MANAGER</Filter>
    </ClCompile>
    <ClCompile Include="AllocateHierarchy.cpp">
      <Filter>00_D3DXFramework\13_XFileLoader</Filter>
    </ClCompile>
    <ClCompile Include="SkinnedMesh.cpp">
      <Filter>00_D3DXFramework\13_XFileLoader</Filter>
    </ClCompile>
    <ClCompile Include="SkinnedMeshManager.cpp">
      <Filter>00_D3DXFramework\01_MANAGER</Filter>
    </ClCompile>
    <ClCompile Include="testScene.cpp">
      <Filter>01_MainGame\04_testScene</Filter>
    </ClCompile>
    <ClCompile Include="UIButton.cpp">
      <Filter>00_D3DXFramework\09_UIObject\02_UIButton</Filter>
    </ClCompile>
    <ClCompile Include="UIImageView.cpp">
      <Filter>00_D3DXFramework\09_UIObject\01_UIImageView</Filter>
    </ClCompile>
    <ClCompile Include="characterCtrl.cpp">
      <Filter>소스 파일</Filter>
    </ClCompile>
    <ClCompile Include="UITextView.cpp">
      <Filter>00_D3DXFramework\09_UIObject\03_UITextView</Filter>
    </ClCompile>
    <ClCompile Include="skyBox.cpp">
      <Filter>소스 파일</Filter>
    </ClCompile>
    <ClCompile Include="gridCtrl.cpp">
      <Filter>00_D3DXFramework\01_MANAGER</Filter>
    </ClCompile>
  </ItemGroup>
  <ItemGroup>
    <ResourceCompile Include="D3DXFrame.rc">
      <Filter>리소스 파일</Filter>
    </ResourceCompile>
  </ItemGroup>
  <ItemGroup>
    <Image Include="small.ico">
      <Filter>리소스 파일</Filter>
    </Image>
    <Image Include="D3DXFrame.ico">
      <Filter>리소스 파일</Filter>
    </Image>
  </ItemGroup>
</Project>